// !$*UTF8*$!
{
	archiveVersion = 1;
	classes = {
	};
	objectVersion = 50;
	objects = {

/* Begin PBXBuildFile section */
		490905B626EB7FFD00624DDC /* AuthorizationView.swift in Sources */ = {isa = PBXBuildFile; fileRef = 490905B526EB7FFD00624DDC /* AuthorizationView.swift */; };
		490905B726EB7FFD00624DDC /* AuthorizationView.swift in Sources */ = {isa = PBXBuildFile; fileRef = 490905B526EB7FFD00624DDC /* AuthorizationView.swift */; };
		490F929826E803EE00E36129 /* HomeView.swift in Sources */ = {isa = PBXBuildFile; fileRef = 490F929726E803EE00E36129 /* HomeView.swift */; };
		490F929926E803EE00E36129 /* HomeView.swift in Sources */ = {isa = PBXBuildFile; fileRef = 490F929726E803EE00E36129 /* HomeView.swift */; };
		49495E3D26E8BD5D00C928A5 /* MasterView.swift in Sources */ = {isa = PBXBuildFile; fileRef = 49495E3C26E8BD5D00C928A5 /* MasterView.swift */; };
		49495E3E26E8BD5D00C928A5 /* MasterView.swift in Sources */ = {isa = PBXBuildFile; fileRef = 49495E3C26E8BD5D00C928A5 /* MasterView.swift */; };
		49495E4026E8D60400C928A5 /* PetDetailView.swift in Sources */ = {isa = PBXBuildFile; fileRef = 49495E3F26E8D60400C928A5 /* PetDetailView.swift */; };
		49495E4126E8D60400C928A5 /* PetDetailView.swift in Sources */ = {isa = PBXBuildFile; fileRef = 49495E3F26E8D60400C928A5 /* PetDetailView.swift */; };
		496F329726C694CA0051B341 /* Tests_iOS.swift in Sources */ = {isa = PBXBuildFile; fileRef = 496F329626C694CA0051B341 /* Tests_iOS.swift */; };
		496F32A226C694CA0051B341 /* Tests_macOS.swift in Sources */ = {isa = PBXBuildFile; fileRef = 496F32A126C694CA0051B341 /* Tests_macOS.swift */; };
		496F32A426C694CA0051B341 /* somedaypetApp.swift in Sources */ = {isa = PBXBuildFile; fileRef = 496F327B26C694C70051B341 /* somedaypetApp.swift */; };
		496F32A526C694CA0051B341 /* somedaypetApp.swift in Sources */ = {isa = PBXBuildFile; fileRef = 496F327B26C694C70051B341 /* somedaypetApp.swift */; };
		496F32A626C694CA0051B341 /* ContentView.swift in Sources */ = {isa = PBXBuildFile; fileRef = 496F327C26C694C70051B341 /* ContentView.swift */; };
		496F32A726C694CA0051B341 /* ContentView.swift in Sources */ = {isa = PBXBuildFile; fileRef = 496F327C26C694C70051B341 /* ContentView.swift */; };
		496F32A826C694CA0051B341 /* Assets.xcassets in Resources */ = {isa = PBXBuildFile; fileRef = 496F327D26C694C90051B341 /* Assets.xcassets */; };
		496F32A926C694CA0051B341 /* Assets.xcassets in Resources */ = {isa = PBXBuildFile; fileRef = 496F327D26C694C90051B341 /* Assets.xcassets */; };
		496F32BB26C6971B0051B341 /* Color+Extension.swift in Sources */ = {isa = PBXBuildFile; fileRef = 496F32BA26C6971B0051B341 /* Color+Extension.swift */; };
		496F32BE26C697960051B341 /* Pet.swift in Sources */ = {isa = PBXBuildFile; fileRef = 496F32BD26C697960051B341 /* Pet.swift */; };
		498B99B426FC6FAB00F50EFA /* FilterView.swift in Sources */ = {isa = PBXBuildFile; fileRef = 498B99B326FC6FAB00F50EFA /* FilterView.swift */; };
		498B99B526FC6FAC00F50EFA /* FilterView.swift in Sources */ = {isa = PBXBuildFile; fileRef = 498B99B326FC6FAB00F50EFA /* FilterView.swift */; };
/* End PBXBuildFile section */

/* Begin PBXContainerItemProxy section */
		496F329326C694CA0051B341 /* PBXContainerItemProxy */ = {
			isa = PBXContainerItemProxy;
			containerPortal = 496F327626C694C70051B341 /* Project object */;
			proxyType = 1;
			remoteGlobalIDString = 496F328126C694C90051B341;
			remoteInfo = "somedaypet (iOS)";
		};
		496F329E26C694CA0051B341 /* PBXContainerItemProxy */ = {
			isa = PBXContainerItemProxy;
			containerPortal = 496F327626C694C70051B341 /* Project object */;
			proxyType = 1;
			remoteGlobalIDString = 496F328926C694C90051B341;
			remoteInfo = "somedaypet (macOS)";
		};
/* End PBXContainerItemProxy section */

/* Begin PBXFileReference section */
		490905B526EB7FFD00624DDC /* AuthorizationView.swift */ = {isa = PBXFileReference; lastKnownFileType = sourcecode.swift; path = AuthorizationView.swift; sourceTree = "<group>"; };
		490F929726E803EE00E36129 /* HomeView.swift */ = {isa = PBXFileReference; lastKnownFileType = sourcecode.swift; path = HomeView.swift; sourceTree = "<group>"; };
		49495E3C26E8BD5D00C928A5 /* MasterView.swift */ = {isa = PBXFileReference; lastKnownFileType = sourcecode.swift; path = MasterView.swift; sourceTree = "<group>"; };
		49495E3F26E8D60400C928A5 /* PetDetailView.swift */ = {isa = PBXFileReference; lastKnownFileType = sourcecode.swift; path = PetDetailView.swift; sourceTree = "<group>"; };
		496F327B26C694C70051B341 /* somedaypetApp.swift */ = {isa = PBXFileReference; lastKnownFileType = sourcecode.swift; path = somedaypetApp.swift; sourceTree = "<group>"; };
		496F327C26C694C70051B341 /* ContentView.swift */ = {isa = PBXFileReference; lastKnownFileType = sourcecode.swift; path = ContentView.swift; sourceTree = "<group>"; };
		496F327D26C694C90051B341 /* Assets.xcassets */ = {isa = PBXFileReference; lastKnownFileType = folder.assetcatalog; path = Assets.xcassets; sourceTree = "<group>"; };
		496F328226C694C90051B341 /* somedaypet.app */ = {isa = PBXFileReference; explicitFileType = wrapper.application; includeInIndex = 0; path = somedaypet.app; sourceTree = BUILT_PRODUCTS_DIR; };
		496F328526C694C90051B341 /* Info.plist */ = {isa = PBXFileReference; lastKnownFileType = text.plist.xml; path = Info.plist; sourceTree = "<group>"; };
		496F328A26C694C90051B341 /* somedaypet.app */ = {isa = PBXFileReference; explicitFileType = wrapper.application; includeInIndex = 0; path = somedaypet.app; sourceTree = BUILT_PRODUCTS_DIR; };
		496F328C26C694C90051B341 /* Info.plist */ = {isa = PBXFileReference; lastKnownFileType = text.plist.xml; path = Info.plist; sourceTree = "<group>"; };
		496F328D26C694C90051B341 /* macOS.entitlements */ = {isa = PBXFileReference; lastKnownFileType = text.plist.entitlements; path = macOS.entitlements; sourceTree = "<group>"; };
		496F329226C694CA0051B341 /* Tests iOS.xctest */ = {isa = PBXFileReference; explicitFileType = wrapper.cfbundle; includeInIndex = 0; path = "Tests iOS.xctest"; sourceTree = BUILT_PRODUCTS_DIR; };
		496F329626C694CA0051B341 /* Tests_iOS.swift */ = {isa = PBXFileReference; lastKnownFileType = sourcecode.swift; path = Tests_iOS.swift; sourceTree = "<group>"; };
		496F329826C694CA0051B341 /* Info.plist */ = {isa = PBXFileReference; lastKnownFileType = text.plist.xml; path = Info.plist; sourceTree = "<group>"; };
		496F329D26C694CA0051B341 /* Tests macOS.xctest */ = {isa = PBXFileReference; explicitFileType = wrapper.cfbundle; includeInIndex = 0; path = "Tests macOS.xctest"; sourceTree = BUILT_PRODUCTS_DIR; };
		496F32A126C694CA0051B341 /* Tests_macOS.swift */ = {isa = PBXFileReference; lastKnownFileType = sourcecode.swift; path = Tests_macOS.swift; sourceTree = "<group>"; };
		496F32A326C694CA0051B341 /* Info.plist */ = {isa = PBXFileReference; lastKnownFileType = text.plist.xml; path = Info.plist; sourceTree = "<group>"; };
		496F32BA26C6971B0051B341 /* Color+Extension.swift */ = {isa = PBXFileReference; lastKnownFileType = sourcecode.swift; path = "Color+Extension.swift"; sourceTree = "<group>"; };
		496F32BD26C697960051B341 /* Pet.swift */ = {isa = PBXFileReference; lastKnownFileType = sourcecode.swift; path = Pet.swift; sourceTree = "<group>"; };
		498B99B326FC6FAB00F50EFA /* FilterView.swift */ = {isa = PBXFileReference; lastKnownFileType = sourcecode.swift; path = FilterView.swift; sourceTree = "<group>"; };
/* End PBXFileReference section */

/* Begin PBXFrameworksBuildPhase section */
		496F327F26C694C90051B341 /* Frameworks */ = {
			isa = PBXFrameworksBuildPhase;
			buildActionMask = 2147483647;
			files = (
			);
			runOnlyForDeploymentPostprocessing = 0;
		};
		496F328726C694C90051B341 /* Frameworks */ = {
			isa = PBXFrameworksBuildPhase;
			buildActionMask = 2147483647;
			files = (
			);
			runOnlyForDeploymentPostprocessing = 0;
		};
		496F328F26C694CA0051B341 /* Frameworks */ = {
			isa = PBXFrameworksBuildPhase;
			buildActionMask = 2147483647;
			files = (
			);
			runOnlyForDeploymentPostprocessing = 0;
		};
		496F329A26C694CA0051B341 /* Frameworks */ = {
			isa = PBXFrameworksBuildPhase;
			buildActionMask = 2147483647;
			files = (
			);
			runOnlyForDeploymentPostprocessing = 0;
		};
/* End PBXFrameworksBuildPhase section */

/* Begin PBXGroup section */
		496F327526C694C70051B341 = {
			isa = PBXGroup;
			children = (
				496F32B826C695430051B341 /* somedaypet */,
				496F327A26C694C70051B341 /* Shared */,
				496F328426C694C90051B341 /* iOS */,
				496F328B26C694C90051B341 /* macOS */,
				496F329526C694CA0051B341 /* Tests iOS */,
				496F32A026C694CA0051B341 /* Tests macOS */,
				496F328326C694C90051B341 /* Products */,
			);
			sourceTree = "<group>";
		};
		496F327A26C694C70051B341 /* Shared */ = {
			isa = PBXGroup;
			children = (
				496F327B26C694C70051B341 /* somedaypetApp.swift */,
				496F327C26C694C70051B341 /* ContentView.swift */,
				490F929726E803EE00E36129 /* HomeView.swift */,
				49495E3C26E8BD5D00C928A5 /* MasterView.swift */,
				49495E3F26E8D60400C928A5 /* PetDetailView.swift */,
				496F327D26C694C90051B341 /* Assets.xcassets */,
				490905B526EB7FFD00624DDC /* AuthorizationView.swift */,
				498B99B326FC6FAB00F50EFA /* FilterView.swift */,
			);
			path = Shared;
			sourceTree = "<group>";
		};
		496F328326C694C90051B341 /* Products */ = {
			isa = PBXGroup;
			children = (
				496F328226C694C90051B341 /* somedaypet.app */,
				496F328A26C694C90051B341 /* somedaypet.app */,
				496F329226C694CA0051B341 /* Tests iOS.xctest */,
				496F329D26C694CA0051B341 /* Tests macOS.xctest */,
			);
			name = Products;
			sourceTree = "<group>";
		};
		496F328426C694C90051B341 /* iOS */ = {
			isa = PBXGroup;
			children = (
				496F328526C694C90051B341 /* Info.plist */,
			);
			path = iOS;
			sourceTree = "<group>";
		};
		496F328B26C694C90051B341 /* macOS */ = {
			isa = PBXGroup;
			children = (
				496F328C26C694C90051B341 /* Info.plist */,
				496F328D26C694C90051B341 /* macOS.entitlements */,
			);
			path = macOS;
			sourceTree = "<group>";
		};
		496F329526C694CA0051B341 /* Tests iOS */ = {
			isa = PBXGroup;
			children = (
				496F329626C694CA0051B341 /* Tests_iOS.swift */,
				496F329826C694CA0051B341 /* Info.plist */,
			);
			path = "Tests iOS";
			sourceTree = "<group>";
		};
		496F32A026C694CA0051B341 /* Tests macOS */ = {
			isa = PBXGroup;
			children = (
				496F32A126C694CA0051B341 /* Tests_macOS.swift */,
				496F32A326C694CA0051B341 /* Info.plist */,
			);
			path = "Tests macOS";
			sourceTree = "<group>";
		};
		496F32B826C695430051B341 /* somedaypet */ = {
			isa = PBXGroup;
			children = (
				496F32BC26C697860051B341 /* Model */,
				496F32B926C696F10051B341 /* Extension */,
			);
			path = somedaypet;
			sourceTree = "<group>";
		};
		496F32B926C696F10051B341 /* Extension */ = {
			isa = PBXGroup;
			children = (
				496F32BA26C6971B0051B341 /* Color+Extension.swift */,
			);
			path = Extension;
			sourceTree = "<group>";
		};
		496F32BC26C697860051B341 /* Model */ = {
			isa = PBXGroup;
			children = (
				496F32BD26C697960051B341 /* Pet.swift */,
			);
			path = Model;
			sourceTree = "<group>";
		};
/* End PBXGroup section */

/* Begin PBXNativeTarget section */
		496F328126C694C90051B341 /* somedaypet (iOS) */ = {
			isa = PBXNativeTarget;
			buildConfigurationList = 496F32AC26C694CA0051B341 /* Build configuration list for PBXNativeTarget "somedaypet (iOS)" */;
			buildPhases = (
				496F327E26C694C90051B341 /* Sources */,
				496F327F26C694C90051B341 /* Frameworks */,
				496F328026C694C90051B341 /* Resources */,
			);
			buildRules = (
			);
			dependencies = (
			);
			name = "somedaypet (iOS)";
			productName = "somedaypet (iOS)";
			productReference = 496F328226C694C90051B341 /* somedaypet.app */;
			productType = "com.apple.product-type.application";
		};
		496F328926C694C90051B341 /* somedaypet (macOS) */ = {
			isa = PBXNativeTarget;
			buildConfigurationList = 496F32AF26C694CA0051B341 /* Build configuration list for PBXNativeTarget "somedaypet (macOS)" */;
			buildPhases = (
				496F328626C694C90051B341 /* Sources */,
				496F328726C694C90051B341 /* Frameworks */,
				496F328826C694C90051B341 /* Resources */,
			);
			buildRules = (
			);
			dependencies = (
			);
			name = "somedaypet (macOS)";
			productName = "somedaypet (macOS)";
			productReference = 496F328A26C694C90051B341 /* somedaypet.app */;
			productType = "com.apple.product-type.application";
		};
		496F329126C694CA0051B341 /* Tests iOS */ = {
			isa = PBXNativeTarget;
			buildConfigurationList = 496F32B226C694CA0051B341 /* Build configuration list for PBXNativeTarget "Tests iOS" */;
			buildPhases = (
				496F328E26C694CA0051B341 /* Sources */,
				496F328F26C694CA0051B341 /* Frameworks */,
				496F329026C694CA0051B341 /* Resources */,
			);
			buildRules = (
			);
			dependencies = (
				496F329426C694CA0051B341 /* PBXTargetDependency */,
			);
			name = "Tests iOS";
			productName = "Tests iOS";
			productReference = 496F329226C694CA0051B341 /* Tests iOS.xctest */;
			productType = "com.apple.product-type.bundle.ui-testing";
		};
		496F329C26C694CA0051B341 /* Tests macOS */ = {
			isa = PBXNativeTarget;
			buildConfigurationList = 496F32B526C694CA0051B341 /* Build configuration list for PBXNativeTarget "Tests macOS" */;
			buildPhases = (
				496F329926C694CA0051B341 /* Sources */,
				496F329A26C694CA0051B341 /* Frameworks */,
				496F329B26C694CA0051B341 /* Resources */,
			);
			buildRules = (
			);
			dependencies = (
				496F329F26C694CA0051B341 /* PBXTargetDependency */,
			);
			name = "Tests macOS";
			productName = "Tests macOS";
			productReference = 496F329D26C694CA0051B341 /* Tests macOS.xctest */;
			productType = "com.apple.product-type.bundle.ui-testing";
		};
/* End PBXNativeTarget section */

/* Begin PBXProject section */
		496F327626C694C70051B341 /* Project object */ = {
			isa = PBXProject;
			attributes = {
				LastSwiftUpdateCheck = 1250;
				LastUpgradeCheck = 1250;
				TargetAttributes = {
					496F328126C694C90051B341 = {
						CreatedOnToolsVersion = 12.5.1;
					};
					496F328926C694C90051B341 = {
						CreatedOnToolsVersion = 12.5.1;
					};
					496F329126C694CA0051B341 = {
						CreatedOnToolsVersion = 12.5.1;
						TestTargetID = 496F328126C694C90051B341;
					};
					496F329C26C694CA0051B341 = {
						CreatedOnToolsVersion = 12.5.1;
						TestTargetID = 496F328926C694C90051B341;
					};
				};
			};
			buildConfigurationList = 496F327926C694C70051B341 /* Build configuration list for PBXProject "somedaypet" */;
			compatibilityVersion = "Xcode 9.3";
			developmentRegion = en;
			hasScannedForEncodings = 0;
			knownRegions = (
				en,
				Base,
			);
			mainGroup = 496F327526C694C70051B341;
			productRefGroup = 496F328326C694C90051B341 /* Products */;
			projectDirPath = "";
			projectRoot = "";
			targets = (
				496F328126C694C90051B341 /* somedaypet (iOS) */,
				496F328926C694C90051B341 /* somedaypet (macOS) */,
				496F329126C694CA0051B341 /* Tests iOS */,
				496F329C26C694CA0051B341 /* Tests macOS */,
			);
		};
/* End PBXProject section */

/* Begin PBXResourcesBuildPhase section */
		496F328026C694C90051B341 /* Resources */ = {
			isa = PBXResourcesBuildPhase;
			buildActionMask = 2147483647;
			files = (
				496F32A826C694CA0051B341 /* Assets.xcassets in Resources */,
			);
			runOnlyForDeploymentPostprocessing = 0;
		};
		496F328826C694C90051B341 /* Resources */ = {
			isa = PBXResourcesBuildPhase;
			buildActionMask = 2147483647;
			files = (
				496F32A926C694CA0051B341 /* Assets.xcassets in Resources */,
			);
			runOnlyForDeploymentPostprocessing = 0;
		};
		496F329026C694CA0051B341 /* Resources */ = {
			isa = PBXResourcesBuildPhase;
			buildActionMask = 2147483647;
			files = (
			);
			runOnlyForDeploymentPostprocessing = 0;
		};
		496F329B26C694CA0051B341 /* Resources */ = {
			isa = PBXResourcesBuildPhase;
			buildActionMask = 2147483647;
			files = (
			);
			runOnlyForDeploymentPostprocessing = 0;
		};
/* End PBXResourcesBuildPhase section */

/* Begin PBXSourcesBuildPhase section */
		496F327E26C694C90051B341 /* Sources */ = {
			isa = PBXSourcesBuildPhase;
			buildActionMask = 2147483647;
			files = (
				49495E3D26E8BD5D00C928A5 /* MasterView.swift in Sources */,
				496F32A626C694CA0051B341 /* ContentView.swift in Sources */,
				496F32BE26C697960051B341 /* Pet.swift in Sources */,
				49495E4026E8D60400C928A5 /* PetDetailView.swift in Sources */,
				498B99B426FC6FAB00F50EFA /* FilterView.swift in Sources */,
				496F32BB26C6971B0051B341 /* Color+Extension.swift in Sources */,
				490F929826E803EE00E36129 /* HomeView.swift in Sources */,
				490905B626EB7FFD00624DDC /* AuthorizationView.swift in Sources */,
				496F32A426C694CA0051B341 /* somedaypetApp.swift in Sources */,
			);
			runOnlyForDeploymentPostprocessing = 0;
		};
		496F328626C694C90051B341 /* Sources */ = {
			isa = PBXSourcesBuildPhase;
			buildActionMask = 2147483647;
			files = (
				498B99B526FC6FAC00F50EFA /* FilterView.swift in Sources */,
				490F929926E803EE00E36129 /* HomeView.swift in Sources */,
				49495E4126E8D60400C928A5 /* PetDetailView.swift in Sources */,
				490905B726EB7FFD00624DDC /* AuthorizationView.swift in Sources */,
				496F32A726C694CA0051B341 /* ContentView.swift in Sources */,
				49495E3E26E8BD5D00C928A5 /* MasterView.swift in Sources */,
				496F32A526C694CA0051B341 /* somedaypetApp.swift in Sources */,
			);
			runOnlyForDeploymentPostprocessing = 0;
		};
		496F328E26C694CA0051B341 /* Sources */ = {
			isa = PBXSourcesBuildPhase;
			buildActionMask = 2147483647;
			files = (
				496F329726C694CA0051B341 /* Tests_iOS.swift in Sources */,
			);
			runOnlyForDeploymentPostprocessing = 0;
		};
		496F329926C694CA0051B341 /* Sources */ = {
			isa = PBXSourcesBuildPhase;
			buildActionMask = 2147483647;
			files = (
				496F32A226C694CA0051B341 /* Tests_macOS.swift in Sources */,
			);
			runOnlyForDeploymentPostprocessing = 0;
		};
/* End PBXSourcesBuildPhase section */

/* Begin PBXTargetDependency section */
		496F329426C694CA0051B341 /* PBXTargetDependency */ = {
			isa = PBXTargetDependency;
			target = 496F328126C694C90051B341 /* somedaypet (iOS) */;
			targetProxy = 496F329326C694CA0051B341 /* PBXContainerItemProxy */;
		};
		496F329F26C694CA0051B341 /* PBXTargetDependency */ = {
			isa = PBXTargetDependency;
			target = 496F328926C694C90051B341 /* somedaypet (macOS) */;
			targetProxy = 496F329E26C694CA0051B341 /* PBXContainerItemProxy */;
		};
/* End PBXTargetDependency section */

/* Begin XCBuildConfiguration section */
		496F32AA26C694CA0051B341 /* Debug */ = {
			isa = XCBuildConfiguration;
			buildSettings = {
				ALWAYS_SEARCH_USER_PATHS = NO;
				CLANG_ANALYZER_NONNULL = YES;
				CLANG_ANALYZER_NUMBER_OBJECT_CONVERSION = YES_AGGRESSIVE;
				CLANG_CXX_LANGUAGE_STANDARD = "gnu++14";
				CLANG_CXX_LIBRARY = "libc++";
				CLANG_ENABLE_MODULES = YES;
				CLANG_ENABLE_OBJC_ARC = YES;
				CLANG_ENABLE_OBJC_WEAK = YES;
				CLANG_WARN_BLOCK_CAPTURE_AUTORELEASING = YES;
				CLANG_WARN_BOOL_CONVERSION = YES;
				CLANG_WARN_COMMA = YES;
				CLANG_WARN_CONSTANT_CONVERSION = YES;
				CLANG_WARN_DEPRECATED_OBJC_IMPLEMENTATIONS = YES;
				CLANG_WARN_DIRECT_OBJC_ISA_USAGE = YES_ERROR;
				CLANG_WARN_DOCUMENTATION_COMMENTS = YES;
				CLANG_WARN_EMPTY_BODY = YES;
				CLANG_WARN_ENUM_CONVERSION = YES;
				CLANG_WARN_INFINITE_RECURSION = YES;
				CLANG_WARN_INT_CONVERSION = YES;
				CLANG_WARN_NON_LITERAL_NULL_CONVERSION = YES;
				CLANG_WARN_OBJC_IMPLICIT_RETAIN_SELF = YES;
				CLANG_WARN_OBJC_LITERAL_CONVERSION = YES;
				CLANG_WARN_OBJC_ROOT_CLASS = YES_ERROR;
				CLANG_WARN_QUOTED_INCLUDE_IN_FRAMEWORK_HEADER = YES;
				CLANG_WARN_RANGE_LOOP_ANALYSIS = YES;
				CLANG_WARN_STRICT_PROTOTYPES = YES;
				CLANG_WARN_SUSPICIOUS_MOVE = YES;
				CLANG_WARN_UNGUARDED_AVAILABILITY = YES_AGGRESSIVE;
				CLANG_WARN_UNREACHABLE_CODE = YES;
				CLANG_WARN__DUPLICATE_METHOD_MATCH = YES;
				COPY_PHASE_STRIP = NO;
				DEBUG_INFORMATION_FORMAT = dwarf;
				ENABLE_STRICT_OBJC_MSGSEND = YES;
				ENABLE_TESTABILITY = YES;
				GCC_C_LANGUAGE_STANDARD = gnu11;
				GCC_DYNAMIC_NO_PIC = NO;
				GCC_NO_COMMON_BLOCKS = YES;
				GCC_OPTIMIZATION_LEVEL = 0;
				GCC_PREPROCESSOR_DEFINITIONS = (
					"DEBUG=1",
					"$(inherited)",
				);
				GCC_WARN_64_TO_32_BIT_CONVERSION = YES;
				GCC_WARN_ABOUT_RETURN_TYPE = YES_ERROR;
				GCC_WARN_UNDECLARED_SELECTOR = YES;
				GCC_WARN_UNINITIALIZED_AUTOS = YES_AGGRESSIVE;
				GCC_WARN_UNUSED_FUNCTION = YES;
				GCC_WARN_UNUSED_VARIABLE = YES;
				MTL_ENABLE_DEBUG_INFO = INCLUDE_SOURCE;
				MTL_FAST_MATH = YES;
				ONLY_ACTIVE_ARCH = YES;
				SWIFT_ACTIVE_COMPILATION_CONDITIONS = DEBUG;
				SWIFT_OPTIMIZATION_LEVEL = "-Onone";
			};
			name = Debug;
		};
		496F32AB26C694CA0051B341 /* Release */ = {
			isa = XCBuildConfiguration;
			buildSettings = {
				ALWAYS_SEARCH_USER_PATHS = NO;
				CLANG_ANALYZER_NONNULL = YES;
				CLANG_ANALYZER_NUMBER_OBJECT_CONVERSION = YES_AGGRESSIVE;
				CLANG_CXX_LANGUAGE_STANDARD = "gnu++14";
				CLANG_CXX_LIBRARY = "libc++";
				CLANG_ENABLE_MODULES = YES;
				CLANG_ENABLE_OBJC_ARC = YES;
				CLANG_ENABLE_OBJC_WEAK = YES;
				CLANG_WARN_BLOCK_CAPTURE_AUTORELEASING = YES;
				CLANG_WARN_BOOL_CONVERSION = YES;
				CLANG_WARN_COMMA = YES;
				CLANG_WARN_CONSTANT_CONVERSION = YES;
				CLANG_WARN_DEPRECATED_OBJC_IMPLEMENTATIONS = YES;
				CLANG_WARN_DIRECT_OBJC_ISA_USAGE = YES_ERROR;
				CLANG_WARN_DOCUMENTATION_COMMENTS = YES;
				CLANG_WARN_EMPTY_BODY = YES;
				CLANG_WARN_ENUM_CONVERSION = YES;
				CLANG_WARN_INFINITE_RECURSION = YES;
				CLANG_WARN_INT_CONVERSION = YES;
				CLANG_WARN_NON_LITERAL_NULL_CONVERSION = YES;
				CLANG_WARN_OBJC_IMPLICIT_RETAIN_SELF = YES;
				CLANG_WARN_OBJC_LITERAL_CONVERSION = YES;
				CLANG_WARN_OBJC_ROOT_CLASS = YES_ERROR;
				CLANG_WARN_QUOTED_INCLUDE_IN_FRAMEWORK_HEADER = YES;
				CLANG_WARN_RANGE_LOOP_ANALYSIS = YES;
				CLANG_WARN_STRICT_PROTOTYPES = YES;
				CLANG_WARN_SUSPICIOUS_MOVE = YES;
				CLANG_WARN_UNGUARDED_AVAILABILITY = YES_AGGRESSIVE;
				CLANG_WARN_UNREACHABLE_CODE = YES;
				CLANG_WARN__DUPLICATE_METHOD_MATCH = YES;
				COPY_PHASE_STRIP = NO;
				DEBUG_INFORMATION_FORMAT = "dwarf-with-dsym";
				ENABLE_NS_ASSERTIONS = NO;
				ENABLE_STRICT_OBJC_MSGSEND = YES;
				GCC_C_LANGUAGE_STANDARD = gnu11;
				GCC_NO_COMMON_BLOCKS = YES;
				GCC_WARN_64_TO_32_BIT_CONVERSION = YES;
				GCC_WARN_ABOUT_RETURN_TYPE = YES_ERROR;
				GCC_WARN_UNDECLARED_SELECTOR = YES;
				GCC_WARN_UNINITIALIZED_AUTOS = YES_AGGRESSIVE;
				GCC_WARN_UNUSED_FUNCTION = YES;
				GCC_WARN_UNUSED_VARIABLE = YES;
				MTL_ENABLE_DEBUG_INFO = NO;
				MTL_FAST_MATH = YES;
				SWIFT_COMPILATION_MODE = wholemodule;
				SWIFT_OPTIMIZATION_LEVEL = "-O";
			};
			name = Release;
		};
		496F32AD26C694CA0051B341 /* Debug */ = {
			isa = XCBuildConfiguration;
			buildSettings = {
				ASSETCATALOG_COMPILER_APPICON_NAME = AppIcon;
				ASSETCATALOG_COMPILER_GLOBAL_ACCENT_COLOR_NAME = AccentColor;
				CODE_SIGN_STYLE = Automatic;
				DEVELOPMENT_TEAM = 6G74254D5Z;
				ENABLE_PREVIEWS = YES;
				INFOPLIST_FILE = iOS/Info.plist;
				IPHONEOS_DEPLOYMENT_TARGET = 14.0;
				LD_RUNPATH_SEARCH_PATHS = (
					"$(inherited)",
					"@executable_path/Frameworks",
				);
				PRODUCT_BUNDLE_IDENTIFIER = sijeko.somedaypet;
				PRODUCT_NAME = somedaypet;
				SDKROOT = iphoneos;
				SWIFT_VERSION = 5.0;
				TARGETED_DEVICE_FAMILY = "1,2";
			};
			name = Debug;
		};
		496F32AE26C694CA0051B341 /* Release */ = {
			isa = XCBuildConfiguration;
			buildSettings = {
				ASSETCATALOG_COMPILER_APPICON_NAME = AppIcon;
				ASSETCATALOG_COMPILER_GLOBAL_ACCENT_COLOR_NAME = AccentColor;
				CODE_SIGN_STYLE = Automatic;
				DEVELOPMENT_TEAM = 6G74254D5Z;
				ENABLE_PREVIEWS = YES;
				INFOPLIST_FILE = iOS/Info.plist;
				IPHONEOS_DEPLOYMENT_TARGET = 14.0;
				LD_RUNPATH_SEARCH_PATHS = (
					"$(inherited)",
					"@executable_path/Frameworks",
				);
				PRODUCT_BUNDLE_IDENTIFIER = sijeko.somedaypet;
				PRODUCT_NAME = somedaypet;
				SDKROOT = iphoneos;
				SWIFT_VERSION = 5.0;
				TARGETED_DEVICE_FAMILY = "1,2";
				VALIDATE_PRODUCT = YES;
			};
			name = Release;
		};
		496F32B026C694CA0051B341 /* Debug */ = {
			isa = XCBuildConfiguration;
			buildSettings = {
				ASSETCATALOG_COMPILER_APPICON_NAME = AppIcon;
				ASSETCATALOG_COMPILER_GLOBAL_ACCENT_COLOR_NAME = AccentColor;
				CODE_SIGN_ENTITLEMENTS = macOS/macOS.entitlements;
				CODE_SIGN_STYLE = Automatic;
				COMBINE_HIDPI_IMAGES = YES;
				DEVELOPMENT_TEAM = 6G74254D5Z;
				ENABLE_HARDENED_RUNTIME = YES;
				ENABLE_PREVIEWS = YES;
				INFOPLIST_FILE = macOS/Info.plist;
				LD_RUNPATH_SEARCH_PATHS = (
					"$(inherited)",
					"@executable_path/../Frameworks",
				);
				MACOSX_DEPLOYMENT_TARGET = 11.0;
				PRODUCT_BUNDLE_IDENTIFIER = sijeko.somedaypet;
				PRODUCT_NAME = somedaypet;
				SDKROOT = macosx;
				SWIFT_VERSION = 5.0;
			};
			name = Debug;
		};
		496F32B126C694CA0051B341 /* Release */ = {
			isa = XCBuildConfiguration;
			buildSettings = {
				ASSETCATALOG_COMPILER_APPICON_NAME = AppIcon;
				ASSETCATALOG_COMPILER_GLOBAL_ACCENT_COLOR_NAME = AccentColor;
				CODE_SIGN_ENTITLEMENTS = macOS/macOS.entitlements;
				CODE_SIGN_STYLE = Automatic;
				COMBINE_HIDPI_IMAGES = YES;
				DEVELOPMENT_TEAM = 6G74254D5Z;
				ENABLE_HARDENED_RUNTIME = YES;
				ENABLE_PREVIEWS = YES;
				INFOPLIST_FILE = macOS/Info.plist;
				LD_RUNPATH_SEARCH_PATHS = (
					"$(inherited)",
					"@executable_path/../Frameworks",
				);
				MACOSX_DEPLOYMENT_TARGET = 11.0;
				PRODUCT_BUNDLE_IDENTIFIER = sijeko.somedaypet;
				PRODUCT_NAME = somedaypet;
				SDKROOT = macosx;
				SWIFT_VERSION = 5.0;
			};
			name = Release;
		};
		496F32B326C694CA0051B341 /* Debug */ = {
			isa = XCBuildConfiguration;
			buildSettings = {
				ALWAYS_EMBED_SWIFT_STANDARD_LIBRARIES = YES;
				CODE_SIGN_STYLE = Automatic;
				DEVELOPMENT_TEAM = 6G74254D5Z;
				INFOPLIST_FILE = "Tests iOS/Info.plist";
				IPHONEOS_DEPLOYMENT_TARGET = 14.5;
				LD_RUNPATH_SEARCH_PATHS = (
					"$(inherited)",
					"@executable_path/Frameworks",
					"@loader_path/Frameworks",
				);
				PRODUCT_BUNDLE_IDENTIFIER = "sijeko.Tests-iOS";
				PRODUCT_NAME = "$(TARGET_NAME)";
				SDKROOT = iphoneos;
				SWIFT_VERSION = 5.0;
				TARGETED_DEVICE_FAMILY = "1,2";
				TEST_TARGET_NAME = "somedaypet (iOS)";
			};
			name = Debug;
		};
		496F32B426C694CA0051B341 /* Release */ = {
			isa = XCBuildConfiguration;
			buildSettings = {
				ALWAYS_EMBED_SWIFT_STANDARD_LIBRARIES = YES;
				CODE_SIGN_STYLE = Automatic;
				DEVELOPMENT_TEAM = 6G74254D5Z;
				INFOPLIST_FILE = "Tests iOS/Info.plist";
				IPHONEOS_DEPLOYMENT_TARGET = 14.5;
				LD_RUNPATH_SEARCH_PATHS = (
					"$(inherited)",
					"@executable_path/Frameworks",
					"@loader_path/Frameworks",
				);
				PRODUCT_BUNDLE_IDENTIFIER = "sijeko.Tests-iOS";
				PRODUCT_NAME = "$(TARGET_NAME)";
				SDKROOT = iphoneos;
				SWIFT_VERSION = 5.0;
				TARGETED_DEVICE_FAMILY = "1,2";
				TEST_TARGET_NAME = "somedaypet (iOS)";
				VALIDATE_PRODUCT = YES;
			};
			name = Release;
		};
		496F32B626C694CA0051B341 /* Debug */ = {
			isa = XCBuildConfiguration;
			buildSettings = {
				ALWAYS_EMBED_SWIFT_STANDARD_LIBRARIES = YES;
				CODE_SIGN_STYLE = Automatic;
				COMBINE_HIDPI_IMAGES = YES;
				DEVELOPMENT_TEAM = 6G74254D5Z;
				INFOPLIST_FILE = "Tests macOS/Info.plist";
				LD_RUNPATH_SEARCH_PATHS = (
					"$(inherited)",
					"@executable_path/../Frameworks",
					"@loader_path/../Frameworks",
				);
				MACOSX_DEPLOYMENT_TARGET = 11.3;
				PRODUCT_BUNDLE_IDENTIFIER = "sijeko.Tests-macOS";
				PRODUCT_NAME = "$(TARGET_NAME)";
				SDKROOT = macosx;
				SWIFT_VERSION = 5.0;
				TEST_TARGET_NAME = "somedaypet (macOS)";
			};
			name = Debug;
		};
		496F32B726C694CA0051B341 /* Release */ = {
			isa = XCBuildConfiguration;
			buildSettings = {
				ALWAYS_EMBED_SWIFT_STANDARD_LIBRARIES = YES;
				CODE_SIGN_STYLE = Automatic;
				COMBINE_HIDPI_IMAGES = YES;
				DEVELOPMENT_TEAM = 6G74254D5Z;
				INFOPLIST_FILE = "Tests macOS/Info.plist";
				LD_RUNPATH_SEARCH_PATHS = (
					"$(inherited)",
					"@executable_path/../Frameworks",
					"@loader_path/../Frameworks",
				);
				MACOSX_DEPLOYMENT_TARGET = 11.3;
				PRODUCT_BUNDLE_IDENTIFIER = "sijeko.Tests-macOS";
				PRODUCT_NAME = "$(TARGET_NAME)";
				SDKROOT = macosx;
				SWIFT_VERSION = 5.0;
				TEST_TARGET_NAME = "somedaypet (macOS)";
			};
			name = Release;
		};
/* End XCBuildConfiguration section */

/* Begin XCConfigurationList section */
		496F327926C694C70051B341 /* Build configuration list for PBXProject "somedaypet" */ = {
			isa = XCConfigurationList;
			buildConfigurations = (
				496F32AA26C694CA0051B341 /* Debug */,
				496F32AB26C694CA0051B341 /* Release */,
			);
			defaultConfigurationIsVisible = 0;
			defaultConfigurationName = Release;
		};
		496F32AC26C694CA0051B341 /* Build configuration list for PBXNativeTarget "somedaypet (iOS)" */ = {
			isa = XCConfigurationList;
			buildConfigurations = (
				496F32AD26C694CA0051B341 /* Debug */,
				496F32AE26C694CA0051B341 /* Release */,
			);
			defaultConfigurationIsVisible = 0;
			defaultConfigurationName = Release;
		};
		496F32AF26C694CA0051B341 /* Build configuration list for PBXNativeTarget "somedaypet (macOS)" */ = {
			isa = XCConfigurationList;
			buildConfigurations = (
				496F32B026C694CA0051B341 /* Debug */,
				496F32B126C694CA0051B341 /* Release */,
			);
			defaultConfigurationIsVisible = 0;
			defaultConfigurationName = Release;
		};
		496F32B226C694CA0051B341 /* Build configuration list for PBXNativeTarget "Tests iOS" */ = {
			isa = XCConfigurationList;
			buildConfigurations = (
				496F32B326C694CA0051B341 /* Debug */,
				496F32B426C694CA0051B341 /* Release */,
			);
			defaultConfigurationIsVisible = 0;
			defaultConfigurationName = Release;
		};
		496F32B526C694CA0051B341 /* Build configuration list for PBXNativeTarget "Tests macOS" */ = {
			isa = XCConfigurationList;
			buildConfigurations = (
				496F32B626C694CA0051B341 /* Debug */,
				496F32B726C694CA0051B341 /* Release */,
			);
			defaultConfigurationIsVisible = 0;
			defaultConfigurationName = Release;
		};
/* End XCConfigurationList section */
	};
	rootObject = 496F327626C694C70051B341 /* Project object */;
}
